
Microsoft Visual Studio Solution File, Format Version 12.00
# Visual Studio Version 17
VisualStudioVersion = 17.0.31903.59
MinimumVisualStudioVersion = 10.0.40219.1
Project("{2150E333-8FDC-42A3-9474-1A3956D46DE8}") = "src", "src", "{C29261C0-CE44-4C9F-9434-CEBD21416EE0}"
EndProject
Project("{FAE04EC0-301F-11D3-BF4B-00C04F79EFBC}") = "AsyncAwait.Playbook", "src\AsyncAwait.Playbook\AsyncAwait.Playbook.csproj", "{1652F612-1FCB-404B-ADC0-80A170996D46}"
EndProject
Project("{FAE04EC0-301F-11D3-BF4B-00C04F79EFBC}") = "AsyncAwait.Demo", "src\AsyncAwait.Demo\AsyncAwait.Demo.csproj", "{33EA02CA-C6B3-4F2C-88CC-6A3BB7120D6F}"
EndProject
Project("{2150E333-8FDC-42A3-9474-1A3956D46DE8}") = "tests", "tests", "{9CEF69D3-8CD0-4FF2-BC08-7A3B980CE7A9}"
EndProject
Project("{FAE04EC0-301F-11D3-BF4B-00C04F79EFBC}") = "AsyncAwait.Tests", "tests\AsyncAwait.Tests\AsyncAwait.Tests.csproj", "{A862F395-3C52-461D-AC4B-7745CAD5DFA0}"
EndProject
Global
	GlobalSection(SolutionConfigurationPlatforms) = preSolution
		Debug|Any CPU = Debug|Any CPU
		Release|Any CPU = Release|Any CPU
	EndGlobalSection
	GlobalSection(SolutionProperties) = preSolution
		HideSolutionNode = FALSE
	EndGlobalSection
	GlobalSection(ProjectConfigurationPlatforms) = postSolution
		{1652F612-1FCB-404B-ADC0-80A170996D46}.Debug|Any CPU.ActiveCfg = Debug|Any CPU
		{1652F612-1FCB-404B-ADC0-80A170996D46}.Debug|Any CPU.Build.0 = Debug|Any CPU
		{1652F612-1FCB-404B-ADC0-80A170996D46}.Release|Any CPU.ActiveCfg = Release|Any CPU
		{1652F612-1FCB-404B-ADC0-80A170996D46}.Release|Any CPU.Build.0 = Release|Any CPU
		{33EA02CA-C6B3-4F2C-88CC-6A3BB7120D6F}.Debug|Any CPU.ActiveCfg = Debug|Any CPU
		{33EA02CA-C6B3-4F2C-88CC-6A3BB7120D6F}.Debug|Any CPU.Build.0 = Debug|Any CPU
		{33EA02CA-C6B3-4F2C-88CC-6A3BB7120D6F}.Release|Any CPU.ActiveCfg = Release|Any CPU
		{33EA02CA-C6B3-4F2C-88CC-6A3BB7120D6F}.Release|Any CPU.Build.0 = Release|Any CPU
		{A862F395-3C52-461D-AC4B-7745CAD5DFA0}.Debug|Any CPU.ActiveCfg = Debug|Any CPU
		{A862F395-3C52-461D-AC4B-7745CAD5DFA0}.Debug|Any CPU.Build.0 = Debug|Any CPU
		{A862F395-3C52-461D-AC4B-7745CAD5DFA0}.Release|Any CPU.ActiveCfg = Release|Any CPU
		{A862F395-3C52-461D-AC4B-7745CAD5DFA0}.Release|Any CPU.Build.0 = Release|Any CPU
	EndGlobalSection
	GlobalSection(NestedProjects) = preSolution
		{1652F612-1FCB-404B-ADC0-80A170996D46} = {C29261C0-CE44-4C9F-9434-CEBD21416EE0}
		{33EA02CA-C6B3-4F2C-88CC-6A3BB7120D6F} = {C29261C0-CE44-4C9F-9434-CEBD21416EE0}
		{A862F395-3C52-461D-AC4B-7745CAD5DFA0} = {9CEF69D3-8CD0-4FF2-BC08-7A3B980CE7A9}
	EndGlobalSection
EndGlobal
